
Microsoft Visual Studio Solution File, Format Version 12.00
# Visual Studio Version 17
VisualStudioVersion = 17.0.31903.59
MinimumVisualStudioVersion = 10.0.40219.1
Project("{FAE04EC0-301F-11D3-BF4B-00C04F79EFBC}") = "chatsapp-users", "chatsapp-users\chatsapp-users.csproj", "{A7CB18B3-88CE-4946-A7A3-57817D7A7F88}"
EndProject
Project("{FAE04EC0-301F-11D3-BF4B-00C04F79EFBC}") = "chatsapp-users-test", "chatsapp-users-test\chatsapp-users-test.csproj", "{D895E8D1-ED4A-4484-89AF-3CBC556CD3C0}"
EndProject
Global
	GlobalSection(SolutionConfigurationPlatforms) = preSolution
		Debug|Any CPU = Debug|Any CPU
		Release|Any CPU = Release|Any CPU
	EndGlobalSection
	GlobalSection(SolutionProperties) = preSolution
		HideSolutionNode = FALSE
	EndGlobalSection
	GlobalSection(ProjectConfigurationPlatforms) = postSolution
		{A7CB18B3-88CE-4946-A7A3-57817D7A7F88}.Debug|Any CPU.ActiveCfg = Debug|Any CPU
		{A7CB18B3-88CE-4946-A7A3-57817D7A7F88}.Debug|Any CPU.Build.0 = Debug|Any CPU
		{A7CB18B3-88CE-4946-A7A3-57817D7A7F88}.Release|Any CPU.ActiveCfg = Release|Any CPU
		{A7CB18B3-88CE-4946-A7A3-57817D7A7F88}.Release|Any CPU.Build.0 = Release|Any CPU
		{D895E8D1-ED4A-4484-89AF-3CBC556CD3C0}.Debug|Any CPU.ActiveCfg = Debug|Any CPU
		{D895E8D1-ED4A-4484-89AF-3CBC556CD3C0}.Debug|Any CPU.Build.0 = Debug|Any CPU
		{D895E8D1-ED4A-4484-89AF-3CBC556CD3C0}.Release|Any CPU.ActiveCfg = Release|Any CPU
		{D895E8D1-ED4A-4484-89AF-3CBC556CD3C0}.Release|Any CPU.Build.0 = Release|Any CPU
	EndGlobalSection
EndGlobal
